<?xml version="1.0" encoding="utf-8"?>
<Project ToolsVersion="4.0" xmlns="http://schemas.microsoft.com/developer/msbuild/2003">
  <ItemGroup>
    <Filter Include="Source Files">
      <UniqueIdentifier>{4FC737F1-C7A5-4376-A066-2A32D752A2FF}</UniqueIdentifier>
      <Extensions>cpp;c;cc;cxx;c++;cppm;ixx;def;odl;idl;hpj;bat;asm;asmx</Extensions>
    </Filter>
    <Filter Include="Header Files">
      <UniqueIdentifier>{93995380-89BD-4b04-88EB-625FBE52EBFB}</UniqueIdentifier>
      <Extensions>h;hh;hpp;hxx;h++;hm;inl;inc;ipp;xsd</Extensions>
    </Filter>
    <Filter Include="Resource Files">
      <UniqueIdentifier>{67DA6AB6-F800-4c08-8B7A-83BB121AAD01}</UniqueIdentifier>
      <Extensions>rc;ico;cur;bmp;dlg;rc2;rct;bin;rgs;gif;jpg;jpeg;jpe;resx;tiff;tif;png;wav;mfcribbon-ms</Extensions>
    </Filter>
  </ItemGroup>
  <ItemGroup>
    <ClInclude Include="src\Bite.h">
      <Filter>Header Files</Filter>
    </ClInclude>
    <ClInclude Include="src\_bite_stream_frame.h">
      <Filter>Header Files</Filter>
    </ClInclude>
    <ClInclude Include="src\_bite_defines.h">
      <Filter>Header Files</Filter>
    </ClInclude>
    <ClInclude Include="src\_bite_dye.h">
      <Filter>Header Files</Filter>
    </ClInclude>
    <ClInclude Include="src\_bite_memorypool.h">
      <Filter>Header Files</Filter>
    </ClInclude>
    <ClInclude Include="src\_bite_span.h">
      <Filter>Header Files</Filter>
    </ClInclude>
    <ClInclude Include="src\_bite_stacklist.h">
      <Filter>Header Files</Filter>
    </ClInclude>
    <ClInclude Include="src\_bite_array_stack.h">
      <Filter>Header Files</Filter>
    </ClInclude>
    <ClInclude Include="src\_bite_algorithms.h">
      <Filter>Header Files</Filter>
    </ClInclude>
    <ClInclude Include="src\_bite_common_passwords.h">
      <Filter>Header Files</Filter>
    </ClInclude>
    <ClInclude Include="src\_bite_range.h">
      <Filter>Header Files</Filter>
    </ClInclude>
    <ClInclude Include="src\_bite_reporting.h">
      <Filter>Header Files</Filter>
    </ClInclude>
    <ClInclude Include="src\_bite_str.h">
      <Filter>Header Files</Filter>
    </ClInclude>
    <ClInclude Include="src\_bite_base.h">
      <Filter>Header Files</Filter>
    </ClInclude>
    <ClInclude Include="src\_bite_file.h">
      <Filter>Header Files</Filter>
    </ClInclude>
    <ClInclude Include="src\_bite_FileSystem.h">
      <Filter>Header Files</Filter>
    </ClInclude>
    <ClInclude Include="src\_bite_net.h">
      <Filter>Header Files</Filter>
    </ClInclude>
  </ItemGroup>
  <ItemGroup>
    <ClCompile Include="src\Bite.cpp">
      <Filter>Source Files</Filter>
    </ClCompile>
    <ClCompile Include="src\_bite_stream_frame.cpp">
      <Filter>Source Files</Filter>
    </ClCompile>
    <ClCompile Include="src\_bite_FileSystem.cpp">
      <Filter>Source Files</Filter>
    </ClCompile>
    <ClCompile Include="src\_bite_net.cpp">
      <Filter>Source Files</Filter>
    </ClCompile>
  </ItemGroup>
  <ItemGroup>
    <None Include="cpp.hint" />
    <None Include="deploy.bat">
      <Filter>Source Files</Filter>
    </None>
    <None Include="deploy.args" />
    <None Include="rules.ruleset" />
    <None Include="README.md" />
  </ItemGroup>
</Project>